
Microsoft Visual Studio Solution File, Format Version 12.00
# Visual Studio Version 16
VisualStudioVersion = 16.0.31005.135
MinimumVisualStudioVersion = 10.0.40219.1
Project("{FAE04EC0-301F-11D3-BF4B-00C04F79EFBC}") = "Bell Server", "Bell Server\Bell Server.csproj", "{14EEEA17-3DC7-4FFF-8F96-804F1307C1A6}"
EndProject
Global
	GlobalSection(SolutionConfigurationPlatforms) = preSolution
		Debug|Any CPU = Debug|Any CPU
		Release|Any CPU = Release|Any CPU
	EndGlobalSection
	GlobalSection(ProjectConfigurationPlatforms) = postSolution
		{14EEEA17-3DC7-4FFF-8F96-804F1307C1A6}.Debug|Any CPU.ActiveCfg = Debug|Any CPU
		{14EEEA17-3DC7-4FFF-8F96-804F1307C1A6}.Debug|Any CPU.Build.0 = Debug|Any CPU
		{14EEEA17-3DC7-4FFF-8F96-804F1307C1A6}.Release|Any CPU.ActiveCfg = Release|Any CPU
		{14EEEA17-3DC7-4FFF-8F96-804F1307C1A6}.Release|Any CPU.Build.0 = Release|Any CPU
	EndGlobalSection
	GlobalSection(SolutionProperties) = preSolution
		HideSolutionNode = FALSE
	EndGlobalSection
	GlobalSection(ExtensibilityGlobals) = postSolution
		SolutionGuid = {394D5402-3A6D-411F-AFF8-FD5A49EEDA7B}
	EndGlobalSection
EndGlobal
